PODS:
  - FBSnapshotTestCase (2.0.7):
    - FBSnapshotTestCase/SwiftSupport (= 2.0.7)
  - FBSnapshotTestCase/Core (2.0.7)
  - FBSnapshotTestCase/SwiftSupport (2.0.7):
    - FBSnapshotTestCase/Core
  - Nimble (3.2.0)
  - Nimble-Snapshots (3.0.0):
    - FBSnapshotTestCase (~> 2.0.7)
    - Nimble
    - Quick
  - Quick (0.9.1)
  - RWFramework (0.1.0):
    - SwiftyJSON
  - SwiftyJSON (2.3.2)

DEPENDENCIES:
  - FBSnapshotTestCase (from `https://github.com/facebook/ios-snapshot-test-case.git`,
    commit `6f5acce351e4a50d1d7001ead2754fcb4aa05f41`)
  - Nimble (= 3.2.0)
  - Nimble-Snapshots
  - Quick (~> 0.9.1)
  - RWFramework (from `../`)

EXTERNAL SOURCES:
  FBSnapshotTestCase:
    :commit: 6f5acce351e4a50d1d7001ead2754fcb4aa05f41
    :git: https://github.com/facebook/ios-snapshot-test-case.git
  RWFramework:
    :path: "../"

CHECKOUT OPTIONS:
  FBSnapshotTestCase:
    :commit: 6f5acce351e4a50d1d7001ead2754fcb4aa05f41
    :git: https://github.com/facebook/ios-snapshot-test-case.git

SPEC CHECKSUMS:
  FBSnapshotTestCase: 7e85180d0d141a0cf472352edda7e80d7eaeb547
  Nimble: 703854335d181df169bbca9c97117b5cf8c47c1d
  Nimble-Snapshots: ab41dd737dcd33a0b0cb005a30465fef70b7207a
  Quick: a5221fc21788b6aeda934805e68b061839bc3165
  RWFramework: ae99b0f8d5ebca244ac76f163837daf4453478eb
  SwiftyJSON: 04ccea08915aa0109039157c7974cf0298da292a

COCOAPODS: 0.39.0
