// !$*UTF8*$!
{
	archiveVersion = 1;
	classes = {
	};
	objectVersion = 46;
	objects = {

/* Begin PBXBuildFile section */
		2C2D9D1C2102C6EC00940A25 /* Speaker.swift in Sources */ = {isa = PBXBuildFile; fileRef = 2C2D9D1B2102C6EC00940A25 /* Speaker.swift */; };
		2C2D9D1E2102C70800940A25 /* Asset.swift in Sources */ = {isa = PBXBuildFile; fileRef = 2C2D9D1D2102C70800940A25 /* Asset.swift */; };
		2C59A4BB20FAAC900035599D /* Playlist.swift in Sources */ = {isa = PBXBuildFile; fileRef = 2C59A4A720FAAC900035599D /* Playlist.swift */; };
		2C59A4BC20FAAC900035599D /* NSMutableArray+STKAudioPlayer.h in Headers */ = {isa = PBXBuildFile; fileRef = 2C59A4A920FAAC900035599D /* NSMutableArray+STKAudioPlayer.h */; };
		2C59A4BD20FAAC900035599D /* NSMutableArray+STKAudioPlayer.m in Sources */ = {isa = PBXBuildFile; fileRef = 2C59A4AA20FAAC900035599D /* NSMutableArray+STKAudioPlayer.m */; };
		2C59A4BE20FAAC900035599D /* STKAudioPlayer.h in Headers */ = {isa = PBXBuildFile; fileRef = 2C59A4AB20FAAC900035599D /* STKAudioPlayer.h */; settings = {ATTRIBUTES = (Public, ); }; };
		2C59A4BF20FAAC900035599D /* STKAudioPlayer.m in Sources */ = {isa = PBXBuildFile; fileRef = 2C59A4AC20FAAC900035599D /* STKAudioPlayer.m */; };
		2C59A4C020FAAC900035599D /* STKAutoRecoveringHTTPDataSource.h in Headers */ = {isa = PBXBuildFile; fileRef = 2C59A4AD20FAAC900035599D /* STKAutoRecoveringHTTPDataSource.h */; };
		2C59A4C120FAAC900035599D /* STKAutoRecoveringHTTPDataSource.m in Sources */ = {isa = PBXBuildFile; fileRef = 2C59A4AE20FAAC900035599D /* STKAutoRecoveringHTTPDataSource.m */; };
		2C59A4C220FAAC900035599D /* STKCoreFoundationDataSource.h in Headers */ = {isa = PBXBuildFile; fileRef = 2C59A4AF20FAAC900035599D /* STKCoreFoundationDataSource.h */; };
		2C59A4C320FAAC900035599D /* STKCoreFoundationDataSource.m in Sources */ = {isa = PBXBuildFile; fileRef = 2C59A4B020FAAC900035599D /* STKCoreFoundationDataSource.m */; };
		2C59A4C420FAAC900035599D /* STKDataSource.h in Headers */ = {isa = PBXBuildFile; fileRef = 2C59A4B120FAAC900035599D /* STKDataSource.h */; settings = {ATTRIBUTES = (Public, ); }; };
		2C59A4C520FAAC900035599D /* STKDataSource.m in Sources */ = {isa = PBXBuildFile; fileRef = 2C59A4B220FAAC900035599D /* STKDataSource.m */; };
		2C59A4C620FAAC900035599D /* STKDataSourceWrapper.h in Headers */ = {isa = PBXBuildFile; fileRef = 2C59A4B320FAAC900035599D /* STKDataSourceWrapper.h */; };
		2C59A4C720FAAC900035599D /* STKDataSourceWrapper.m in Sources */ = {isa = PBXBuildFile; fileRef = 2C59A4B420FAAC900035599D /* STKDataSourceWrapper.m */; };
		2C59A4C820FAAC900035599D /* STKHTTPDataSource.h in Headers */ = {isa = PBXBuildFile; fileRef = 2C59A4B520FAAC900035599D /* STKHTTPDataSource.h */; };
		2C59A4C920FAAC900035599D /* STKHTTPDataSource.m in Sources */ = {isa = PBXBuildFile; fileRef = 2C59A4B620FAAC900035599D /* STKHTTPDataSource.m */; };
		2C59A4CA20FAAC900035599D /* STKLocalFileDataSource.h in Headers */ = {isa = PBXBuildFile; fileRef = 2C59A4B720FAAC900035599D /* STKLocalFileDataSource.h */; };
		2C59A4CB20FAAC900035599D /* STKLocalFileDataSource.m in Sources */ = {isa = PBXBuildFile; fileRef = 2C59A4B820FAAC900035599D /* STKLocalFileDataSource.m */; };
		2C59A4CC20FAAC900035599D /* STKQueueEntry.h in Headers */ = {isa = PBXBuildFile; fileRef = 2C59A4B920FAAC900035599D /* STKQueueEntry.h */; };
		2C59A4CD20FAAC900035599D /* STKQueueEntry.m in Sources */ = {isa = PBXBuildFile; fileRef = 2C59A4BA20FAAC900035599D /* STKQueueEntry.m */; };
		2C59A4D020FEB2810035599D /* AudioTrack.swift in Sources */ = {isa = PBXBuildFile; fileRef = 2C59A4CF20FEB2810035599D /* AudioTrack.swift */; };
		7519C3D01A85511A006A5D1E /* RWFrameworkMedia.swift in Sources */ = {isa = PBXBuildFile; fileRef = 7519C3CF1A85511A006A5D1E /* RWFrameworkMedia.swift */; };
		7519C3D31A8555DB006A5D1E /* RWFrameworkText.swift in Sources */ = {isa = PBXBuildFile; fileRef = 7519C3D21A8555DB006A5D1E /* RWFrameworkText.swift */; };
		7519C3D51A856518006A5D1E /* RWFrameworkCamera.swift in Sources */ = {isa = PBXBuildFile; fileRef = 7519C3D41A856518006A5D1E /* RWFrameworkCamera.swift */; };
		75743B831A7831130058CCA4 /* RWFrameworkProtocol.swift in Sources */ = {isa = PBXBuildFile; fileRef = 75743B821A7831130058CCA4 /* RWFrameworkProtocol.swift */; };
		75A09F111AE1946200A3B3D9 /* RWFrameworkAudioRecorder.h in Headers */ = {isa = PBXBuildFile; fileRef = 75E08D911AE181BE005AD74D /* RWFrameworkAudioRecorder.h */; settings = {ATTRIBUTES = (Public, ); }; };
		75A2CDC21A8410760052F987 /* RWFrameworkCoreLocation.swift in Sources */ = {isa = PBXBuildFile; fileRef = 75A2CDC11A8410760052F987 /* RWFrameworkCoreLocation.swift */; };
		75A2CDC41A8411440052F987 /* RWFrameworkAudioPlayer.swift in Sources */ = {isa = PBXBuildFile; fileRef = 75A2CDC31A8411440052F987 /* RWFrameworkAudioPlayer.swift */; };
		75A2CDC61A8411CA0052F987 /* RWFrameworkAudioRecorder.swift in Sources */ = {isa = PBXBuildFile; fileRef = 75A2CDC51A8411CA0052F987 /* RWFrameworkAudioRecorder.swift */; };
		75A2E8601A8CFCF90008AAF1 /* RWFrameworkTags.swift in Sources */ = {isa = PBXBuildFile; fileRef = 75A2E85F1A8CFCF90008AAF1 /* RWFrameworkTags.swift */; };
		75A2E8961A93C7A90008AAF1 /* RWFrameworkAPI.swift in Sources */ = {isa = PBXBuildFile; fileRef = 75A2E8951A93C7A90008AAF1 /* RWFrameworkAPI.swift */; };
		75A2E8981A93CA7F0008AAF1 /* RWFrameworkTimers.swift in Sources */ = {isa = PBXBuildFile; fileRef = 75A2E8971A93CA7F0008AAF1 /* RWFrameworkTimers.swift */; };
		75A7D2D71A745B7400E662A8 /* RWFramework.h in Headers */ = {isa = PBXBuildFile; fileRef = 75A7D2D61A745B7400E662A8 /* RWFramework.h */; settings = {ATTRIBUTES = (Public, ); }; };
		75A7D2DD1A745B7400E662A8 /* RWFramework.framework in Frameworks */ = {isa = PBXBuildFile; fileRef = 75A7D2D11A745B7400E662A8 /* RWFramework.framework */; };
		75A7D2E41A745B7400E662A8 /* RWFrameworkTests.swift in Sources */ = {isa = PBXBuildFile; fileRef = 75A7D2E31A745B7400E662A8 /* RWFrameworkTests.swift */; };
		75A7D3161A75922600E662A8 /* RWFramework.swift in Sources */ = {isa = PBXBuildFile; fileRef = 75A7D3151A75922600E662A8 /* RWFramework.swift */; };
		75CDBD3A1AA780A300A14C3C /* RWFrameworkMediaUploader.swift in Sources */ = {isa = PBXBuildFile; fileRef = 75CDBD391AA780A300A14C3C /* RWFrameworkMediaUploader.swift */; };
		75E08D921AE181BE005AD74D /* RWFrameworkAudioRecorder.m in Sources */ = {isa = PBXBuildFile; fileRef = 75E08D901AE181BE005AD74D /* RWFrameworkAudioRecorder.m */; };
		75E7DE9D1A7FE0F300B092AF /* RWFrameworkURLFactory.swift in Sources */ = {isa = PBXBuildFile; fileRef = 75E7DE9C1A7FE0F300B092AF /* RWFrameworkURLFactory.swift */; };
		75E7DE9F1A7FEDE600B092AF /* RWFrameworkConfig.swift in Sources */ = {isa = PBXBuildFile; fileRef = 75E7DE9E1A7FEDE600B092AF /* RWFrameworkConfig.swift */; };
		75FA3DF11A8503FB001D52CC /* RWFrameworkHTTP.swift in Sources */ = {isa = PBXBuildFile; fileRef = 75FA3DF01A8503FB001D52CC /* RWFrameworkHTTP.swift */; };
/* End PBXBuildFile section */

/* Begin PBXContainerItemProxy section */
		75A7D2DE1A745B7400E662A8 /* PBXContainerItemProxy */ = {
			isa = PBXContainerItemProxy;
			containerPortal = 75A7D2C81A745B7400E662A8 /* Project object */;
			proxyType = 1;
			remoteGlobalIDString = 75A7D2D01A745B7400E662A8;
			remoteInfo = RWFramework;
		};
/* End PBXContainerItemProxy section */

/* Begin PBXFileReference section */
		2C2D9D1B2102C6EC00940A25 /* Speaker.swift */ = {isa = PBXFileReference; lastKnownFileType = sourcecode.swift; path = Speaker.swift; sourceTree = "<group>"; };
		2C2D9D1D2102C70800940A25 /* Asset.swift */ = {isa = PBXFileReference; lastKnownFileType = sourcecode.swift; path = Asset.swift; sourceTree = "<group>"; };
		2C59A4A720FAAC900035599D /* Playlist.swift */ = {isa = PBXFileReference; fileEncoding = 4; lastKnownFileType = sourcecode.swift; path = Playlist.swift; sourceTree = "<group>"; };
		2C59A4A920FAAC900035599D /* NSMutableArray+STKAudioPlayer.h */ = {isa = PBXFileReference; fileEncoding = 4; lastKnownFileType = sourcecode.c.h; path = "NSMutableArray+STKAudioPlayer.h"; sourceTree = "<group>"; };
		2C59A4AA20FAAC900035599D /* NSMutableArray+STKAudioPlayer.m */ = {isa = PBXFileReference; fileEncoding = 4; lastKnownFileType = sourcecode.c.objc; path = "NSMutableArray+STKAudioPlayer.m"; sourceTree = "<group>"; };
		2C59A4AB20FAAC900035599D /* STKAudioPlayer.h */ = {isa = PBXFileReference; fileEncoding = 4; lastKnownFileType = sourcecode.c.h; path = STKAudioPlayer.h; sourceTree = "<group>"; };
		2C59A4AC20FAAC900035599D /* STKAudioPlayer.m */ = {isa = PBXFileReference; fileEncoding = 4; lastKnownFileType = sourcecode.c.objc; path = STKAudioPlayer.m; sourceTree = "<group>"; };
		2C59A4AD20FAAC900035599D /* STKAutoRecoveringHTTPDataSource.h */ = {isa = PBXFileReference; fileEncoding = 4; lastKnownFileType = sourcecode.c.h; path = STKAutoRecoveringHTTPDataSource.h; sourceTree = "<group>"; };
		2C59A4AE20FAAC900035599D /* STKAutoRecoveringHTTPDataSource.m */ = {isa = PBXFileReference; fileEncoding = 4; lastKnownFileType = sourcecode.c.objc; path = STKAutoRecoveringHTTPDataSource.m; sourceTree = "<group>"; };
		2C59A4AF20FAAC900035599D /* STKCoreFoundationDataSource.h */ = {isa = PBXFileReference; fileEncoding = 4; lastKnownFileType = sourcecode.c.h; path = STKCoreFoundationDataSource.h; sourceTree = "<group>"; };
		2C59A4B020FAAC900035599D /* STKCoreFoundationDataSource.m */ = {isa = PBXFileReference; fileEncoding = 4; lastKnownFileType = sourcecode.c.objc; path = STKCoreFoundationDataSource.m; sourceTree = "<group>"; };
		2C59A4B120FAAC900035599D /* STKDataSource.h */ = {isa = PBXFileReference; fileEncoding = 4; lastKnownFileType = sourcecode.c.h; path = STKDataSource.h; sourceTree = "<group>"; };
		2C59A4B220FAAC900035599D /* STKDataSource.m */ = {isa = PBXFileReference; fileEncoding = 4; lastKnownFileType = sourcecode.c.objc; path = STKDataSource.m; sourceTree = "<group>"; };
		2C59A4B320FAAC900035599D /* STKDataSourceWrapper.h */ = {isa = PBXFileReference; fileEncoding = 4; lastKnownFileType = sourcecode.c.h; path = STKDataSourceWrapper.h; sourceTree = "<group>"; };
		2C59A4B420FAAC900035599D /* STKDataSourceWrapper.m */ = {isa = PBXFileReference; fileEncoding = 4; lastKnownFileType = sourcecode.c.objc; path = STKDataSourceWrapper.m; sourceTree = "<group>"; };
		2C59A4B520FAAC900035599D /* STKHTTPDataSource.h */ = {isa = PBXFileReference; fileEncoding = 4; lastKnownFileType = sourcecode.c.h; path = STKHTTPDataSource.h; sourceTree = "<group>"; };
		2C59A4B620FAAC900035599D /* STKHTTPDataSource.m */ = {isa = PBXFileReference; fileEncoding = 4; lastKnownFileType = sourcecode.c.objc; path = STKHTTPDataSource.m; sourceTree = "<group>"; };
		2C59A4B720FAAC900035599D /* STKLocalFileDataSource.h */ = {isa = PBXFileReference; fileEncoding = 4; lastKnownFileType = sourcecode.c.h; path = STKLocalFileDataSource.h; sourceTree = "<group>"; };
		2C59A4B820FAAC900035599D /* STKLocalFileDataSource.m */ = {isa = PBXFileReference; fileEncoding = 4; lastKnownFileType = sourcecode.c.objc; path = STKLocalFileDataSource.m; sourceTree = "<group>"; };
		2C59A4B920FAAC900035599D /* STKQueueEntry.h */ = {isa = PBXFileReference; fileEncoding = 4; lastKnownFileType = sourcecode.c.h; path = STKQueueEntry.h; sourceTree = "<group>"; };
		2C59A4BA20FAAC900035599D /* STKQueueEntry.m */ = {isa = PBXFileReference; fileEncoding = 4; lastKnownFileType = sourcecode.c.objc; path = STKQueueEntry.m; sourceTree = "<group>"; };
		2C59A4CF20FEB2810035599D /* AudioTrack.swift */ = {isa = PBXFileReference; lastKnownFileType = sourcecode.swift; path = AudioTrack.swift; sourceTree = "<group>"; };
		7519C3CF1A85511A006A5D1E /* RWFrameworkMedia.swift */ = {isa = PBXFileReference; fileEncoding = 4; lastKnownFileType = sourcecode.swift; path = RWFrameworkMedia.swift; sourceTree = "<group>"; };
		7519C3D21A8555DB006A5D1E /* RWFrameworkText.swift */ = {isa = PBXFileReference; fileEncoding = 4; lastKnownFileType = sourcecode.swift; path = RWFrameworkText.swift; sourceTree = "<group>"; };
		7519C3D41A856518006A5D1E /* RWFrameworkCamera.swift */ = {isa = PBXFileReference; fileEncoding = 4; lastKnownFileType = sourcecode.swift; path = RWFrameworkCamera.swift; sourceTree = "<group>"; };
		75743B821A7831130058CCA4 /* RWFrameworkProtocol.swift */ = {isa = PBXFileReference; fileEncoding = 4; lastKnownFileType = sourcecode.swift; path = RWFrameworkProtocol.swift; sourceTree = "<group>"; };
		75A2CDBF1A8172980052F987 /* README.md */ = {isa = PBXFileReference; fileEncoding = 4; lastKnownFileType = net.daringfireball.markdown; name = README.md; path = ../../README.md; sourceTree = "<group>"; };
		75A2CDC11A8410760052F987 /* RWFrameworkCoreLocation.swift */ = {isa = PBXFileReference; fileEncoding = 4; lastKnownFileType = sourcecode.swift; path = RWFrameworkCoreLocation.swift; sourceTree = "<group>"; };
		75A2CDC31A8411440052F987 /* RWFrameworkAudioPlayer.swift */ = {isa = PBXFileReference; fileEncoding = 4; lastKnownFileType = sourcecode.swift; path = RWFrameworkAudioPlayer.swift; sourceTree = "<group>"; };
		75A2CDC51A8411CA0052F987 /* RWFrameworkAudioRecorder.swift */ = {isa = PBXFileReference; fileEncoding = 4; lastKnownFileType = sourcecode.swift; path = RWFrameworkAudioRecorder.swift; sourceTree = "<group>"; };
		75A2E85F1A8CFCF90008AAF1 /* RWFrameworkTags.swift */ = {isa = PBXFileReference; fileEncoding = 4; lastKnownFileType = sourcecode.swift; path = RWFrameworkTags.swift; sourceTree = "<group>"; };
		75A2E8951A93C7A90008AAF1 /* RWFrameworkAPI.swift */ = {isa = PBXFileReference; fileEncoding = 4; lastKnownFileType = sourcecode.swift; path = RWFrameworkAPI.swift; sourceTree = "<group>"; };
		75A2E8971A93CA7F0008AAF1 /* RWFrameworkTimers.swift */ = {isa = PBXFileReference; fileEncoding = 4; lastKnownFileType = sourcecode.swift; path = RWFrameworkTimers.swift; sourceTree = "<group>"; };
		75A7D2D11A745B7400E662A8 /* RWFramework.framework */ = {isa = PBXFileReference; explicitFileType = wrapper.framework; includeInIndex = 0; path = RWFramework.framework; sourceTree = BUILT_PRODUCTS_DIR; };
		75A7D2D51A745B7400E662A8 /* Info.plist */ = {isa = PBXFileReference; lastKnownFileType = text.plist.xml; path = Info.plist; sourceTree = "<group>"; };
		75A7D2D61A745B7400E662A8 /* RWFramework.h */ = {isa = PBXFileReference; lastKnownFileType = sourcecode.c.h; path = RWFramework.h; sourceTree = "<group>"; };
		75A7D2DC1A745B7400E662A8 /* RWFrameworkTests.xctest */ = {isa = PBXFileReference; explicitFileType = wrapper.cfbundle; includeInIndex = 0; path = RWFrameworkTests.xctest; sourceTree = BUILT_PRODUCTS_DIR; };
		75A7D2E21A745B7400E662A8 /* Info.plist */ = {isa = PBXFileReference; lastKnownFileType = text.plist.xml; path = Info.plist; sourceTree = "<group>"; };
		75A7D2E31A745B7400E662A8 /* RWFrameworkTests.swift */ = {isa = PBXFileReference; lastKnownFileType = sourcecode.swift; path = RWFrameworkTests.swift; sourceTree = "<group>"; };
		75A7D3151A75922600E662A8 /* RWFramework.swift */ = {isa = PBXFileReference; fileEncoding = 4; lastKnownFileType = sourcecode.swift; path = RWFramework.swift; sourceTree = "<group>"; };
		75CDBD391AA780A300A14C3C /* RWFrameworkMediaUploader.swift */ = {isa = PBXFileReference; fileEncoding = 4; lastKnownFileType = sourcecode.swift; path = RWFrameworkMediaUploader.swift; sourceTree = "<group>"; };
		75E08D901AE181BE005AD74D /* RWFrameworkAudioRecorder.m */ = {isa = PBXFileReference; fileEncoding = 4; lastKnownFileType = sourcecode.c.objc; path = RWFrameworkAudioRecorder.m; sourceTree = "<group>"; };
		75E08D911AE181BE005AD74D /* RWFrameworkAudioRecorder.h */ = {isa = PBXFileReference; fileEncoding = 4; lastKnownFileType = sourcecode.c.h; path = RWFrameworkAudioRecorder.h; sourceTree = "<group>"; };
		75E7DE9C1A7FE0F300B092AF /* RWFrameworkURLFactory.swift */ = {isa = PBXFileReference; fileEncoding = 4; lastKnownFileType = sourcecode.swift; path = RWFrameworkURLFactory.swift; sourceTree = "<group>"; };
		75E7DE9E1A7FEDE600B092AF /* RWFrameworkConfig.swift */ = {isa = PBXFileReference; fileEncoding = 4; lastKnownFileType = sourcecode.swift; path = RWFrameworkConfig.swift; sourceTree = "<group>"; };
		75FA3DF01A8503FB001D52CC /* RWFrameworkHTTP.swift */ = {isa = PBXFileReference; fileEncoding = 4; lastKnownFileType = sourcecode.swift; path = RWFrameworkHTTP.swift; sourceTree = "<group>"; };
/* End PBXFileReference section */

/* Begin PBXFrameworksBuildPhase section */
		75A7D2CD1A745B7400E662A8 /* Frameworks */ = {
			isa = PBXFrameworksBuildPhase;
			buildActionMask = 2147483647;
			files = (
			);
			runOnlyForDeploymentPostprocessing = 0;
		};
		75A7D2D91A745B7400E662A8 /* Frameworks */ = {
			isa = PBXFrameworksBuildPhase;
			buildActionMask = 2147483647;
			files = (
				75A7D2DD1A745B7400E662A8 /* RWFramework.framework in Frameworks */,
			);
			runOnlyForDeploymentPostprocessing = 0;
		};
/* End PBXFrameworksBuildPhase section */

/* Begin PBXGroup section */
		2C59A4A820FAAC900035599D /* StreamingKit */ = {
			isa = PBXGroup;
			children = (
				2C59A4A920FAAC900035599D /* NSMutableArray+STKAudioPlayer.h */,
				2C59A4AA20FAAC900035599D /* NSMutableArray+STKAudioPlayer.m */,
				2C59A4AB20FAAC900035599D /* STKAudioPlayer.h */,
				2C59A4AC20FAAC900035599D /* STKAudioPlayer.m */,
				2C59A4AD20FAAC900035599D /* STKAutoRecoveringHTTPDataSource.h */,
				2C59A4AE20FAAC900035599D /* STKAutoRecoveringHTTPDataSource.m */,
				2C59A4AF20FAAC900035599D /* STKCoreFoundationDataSource.h */,
				2C59A4B020FAAC900035599D /* STKCoreFoundationDataSource.m */,
				2C59A4B120FAAC900035599D /* STKDataSource.h */,
				2C59A4B220FAAC900035599D /* STKDataSource.m */,
				2C59A4B320FAAC900035599D /* STKDataSourceWrapper.h */,
				2C59A4B420FAAC900035599D /* STKDataSourceWrapper.m */,
				2C59A4B520FAAC900035599D /* STKHTTPDataSource.h */,
				2C59A4B620FAAC900035599D /* STKHTTPDataSource.m */,
				2C59A4B720FAAC900035599D /* STKLocalFileDataSource.h */,
				2C59A4B820FAAC900035599D /* STKLocalFileDataSource.m */,
				2C59A4B920FAAC900035599D /* STKQueueEntry.h */,
				2C59A4BA20FAAC900035599D /* STKQueueEntry.m */,
			);
			path = StreamingKit;
			sourceTree = "<group>";
		};
		2C59A4CE20FEB2610035599D /* Playlist */ = {
			isa = PBXGroup;
			children = (
				2C59A4A720FAAC900035599D /* Playlist.swift */,
				2C59A4CF20FEB2810035599D /* AudioTrack.swift */,
				2C2D9D1B2102C6EC00940A25 /* Speaker.swift */,
				2C2D9D1D2102C70800940A25 /* Asset.swift */,
			);
			path = Playlist;
			sourceTree = "<group>";
		};
		7519C3D11A8555C1006A5D1E /* Media */ = {
			isa = PBXGroup;
			children = (
				75CDBD391AA780A300A14C3C /* RWFrameworkMediaUploader.swift */,
				7519C3CF1A85511A006A5D1E /* RWFrameworkMedia.swift */,
				7519C3D21A8555DB006A5D1E /* RWFrameworkText.swift */,
				7519C3D41A856518006A5D1E /* RWFrameworkCamera.swift */,
				75A2CDC51A8411CA0052F987 /* RWFrameworkAudioRecorder.swift */,
				75E08D901AE181BE005AD74D /* RWFrameworkAudioRecorder.m */,
				75E08D911AE181BE005AD74D /* RWFrameworkAudioRecorder.h */,
				75A2CDC31A8411440052F987 /* RWFrameworkAudioPlayer.swift */,
			);
			name = Media;
			sourceTree = "<group>";
		};
		7536B0551AB0A620001DD4E5 /* Server */ = {
			isa = PBXGroup;
			children = (
				75A2E8951A93C7A90008AAF1 /* RWFrameworkAPI.swift */,
				75FA3DF01A8503FB001D52CC /* RWFrameworkHTTP.swift */,
				75E7DE9C1A7FE0F300B092AF /* RWFrameworkURLFactory.swift */,
			);
			name = Server;
			sourceTree = "<group>";
		};
		75A7D2C71A745B7400E662A8 = {
			isa = PBXGroup;
			children = (
				75A7D2D31A745B7400E662A8 /* RWFramework */,
				75A7D2E01A745B7400E662A8 /* RWFrameworkTests */,
				75A7D2D21A745B7400E662A8 /* Products */,
			);
			sourceTree = "<group>";
		};
		75A7D2D21A745B7400E662A8 /* Products */ = {
			isa = PBXGroup;
			children = (
				75A7D2D11A745B7400E662A8 /* RWFramework.framework */,
				75A7D2DC1A745B7400E662A8 /* RWFrameworkTests.xctest */,
			);
			name = Products;
			sourceTree = "<group>";
		};
		75A7D2D31A745B7400E662A8 /* RWFramework */ = {
			isa = PBXGroup;
			children = (
				2C59A4CE20FEB2610035599D /* Playlist */,
				2C59A4A820FAAC900035599D /* StreamingKit */,
				75A2CDBF1A8172980052F987 /* README.md */,
				75A7D2D61A745B7400E662A8 /* RWFramework.h */,
				75A7D3151A75922600E662A8 /* RWFramework.swift */,
				75743B821A7831130058CCA4 /* RWFrameworkProtocol.swift */,
				7519C3D11A8555C1006A5D1E /* Media */,
				7536B0551AB0A620001DD4E5 /* Server */,
				75A2E85F1A8CFCF90008AAF1 /* RWFrameworkTags.swift */,
				75E7DE9E1A7FEDE600B092AF /* RWFrameworkConfig.swift */,
				75A2E8971A93CA7F0008AAF1 /* RWFrameworkTimers.swift */,
				75A2CDC11A8410760052F987 /* RWFrameworkCoreLocation.swift */,
				75A7D2D41A745B7400E662A8 /* Supporting Files */,
			);
			path = RWFramework;
			sourceTree = "<group>";
		};
		75A7D2D41A745B7400E662A8 /* Supporting Files */ = {
			isa = PBXGroup;
			children = (
				75A7D2D51A745B7400E662A8 /* Info.plist */,
			);
			name = "Supporting Files";
			sourceTree = "<group>";
		};
		75A7D2E01A745B7400E662A8 /* RWFrameworkTests */ = {
			isa = PBXGroup;
			children = (
				75A7D2E31A745B7400E662A8 /* RWFrameworkTests.swift */,
				75A7D2E11A745B7400E662A8 /* Supporting Files */,
			);
			path = RWFrameworkTests;
			sourceTree = "<group>";
		};
		75A7D2E11A745B7400E662A8 /* Supporting Files */ = {
			isa = PBXGroup;
			children = (
				75A7D2E21A745B7400E662A8 /* Info.plist */,
			);
			name = "Supporting Files";
			sourceTree = "<group>";
		};
/* End PBXGroup section */

/* Begin PBXHeadersBuildPhase section */
		75A7D2CE1A745B7400E662A8 /* Headers */ = {
			isa = PBXHeadersBuildPhase;
			buildActionMask = 2147483647;
			files = (
				75A7D2D71A745B7400E662A8 /* RWFramework.h in Headers */,
				2C59A4C020FAAC900035599D /* STKAutoRecoveringHTTPDataSource.h in Headers */,
				2C59A4C420FAAC900035599D /* STKDataSource.h in Headers */,
				2C59A4BE20FAAC900035599D /* STKAudioPlayer.h in Headers */,
				2C59A4C620FAAC900035599D /* STKDataSourceWrapper.h in Headers */,
				2C59A4C220FAAC900035599D /* STKCoreFoundationDataSource.h in Headers */,
				2C59A4CA20FAAC900035599D /* STKLocalFileDataSource.h in Headers */,
				2C59A4BC20FAAC900035599D /* NSMutableArray+STKAudioPlayer.h in Headers */,
				2C59A4CC20FAAC900035599D /* STKQueueEntry.h in Headers */,
				75A09F111AE1946200A3B3D9 /* RWFrameworkAudioRecorder.h in Headers */,
				2C59A4C820FAAC900035599D /* STKHTTPDataSource.h in Headers */,
			);
			runOnlyForDeploymentPostprocessing = 0;
		};
/* End PBXHeadersBuildPhase section */

/* Begin PBXNativeTarget section */
		75A7D2D01A745B7400E662A8 /* RWFramework */ = {
			isa = PBXNativeTarget;
			buildConfigurationList = 75A7D2E71A745B7400E662A8 /* Build configuration list for PBXNativeTarget "RWFramework" */;
			buildPhases = (
				75A7D2CC1A745B7400E662A8 /* Sources */,
				75A7D2CD1A745B7400E662A8 /* Frameworks */,
				75A7D2CE1A745B7400E662A8 /* Headers */,
				75A7D2CF1A745B7400E662A8 /* Resources */,
			);
			buildRules = (
			);
			dependencies = (
			);
			name = RWFramework;
			productName = RWFramework;
			productReference = 75A7D2D11A745B7400E662A8 /* RWFramework.framework */;
			productType = "com.apple.product-type.framework";
		};
		75A7D2DB1A745B7400E662A8 /* RWFrameworkTests */ = {
			isa = PBXNativeTarget;
			buildConfigurationList = 75A7D2EA1A745B7400E662A8 /* Build configuration list for PBXNativeTarget "RWFrameworkTests" */;
			buildPhases = (
				75A7D2D81A745B7400E662A8 /* Sources */,
				75A7D2D91A745B7400E662A8 /* Frameworks */,
				75A7D2DA1A745B7400E662A8 /* Resources */,
			);
			buildRules = (
			);
			dependencies = (
				75A7D2DF1A745B7400E662A8 /* PBXTargetDependency */,
			);
			name = RWFrameworkTests;
			productName = RWFrameworkTests;
			productReference = 75A7D2DC1A745B7400E662A8 /* RWFrameworkTests.xctest */;
			productType = "com.apple.product-type.bundle.unit-test";
		};
/* End PBXNativeTarget section */

/* Begin PBXProject section */
		75A7D2C81A745B7400E662A8 /* Project object */ = {
			isa = PBXProject;
			attributes = {
				LastUpgradeCheck = 0900;
				ORGANIZATIONNAME = Roundware;
				TargetAttributes = {
					75A7D2D01A745B7400E662A8 = {
						CreatedOnToolsVersion = 6.1.1;
						LastSwiftMigration = 0900;
					};
					75A7D2DB1A745B7400E662A8 = {
						CreatedOnToolsVersion = 6.1.1;
					};
				};
			};
			buildConfigurationList = 75A7D2CB1A745B7400E662A8 /* Build configuration list for PBXProject "RWFramework" */;
			compatibilityVersion = "Xcode 3.2";
			developmentRegion = English;
			hasScannedForEncodings = 0;
			knownRegions = (
				en,
			);
			mainGroup = 75A7D2C71A745B7400E662A8;
			productRefGroup = 75A7D2D21A745B7400E662A8 /* Products */;
			projectDirPath = "";
			projectRoot = "";
			targets = (
				75A7D2D01A745B7400E662A8 /* RWFramework */,
				75A7D2DB1A745B7400E662A8 /* RWFrameworkTests */,
			);
		};
/* End PBXProject section */

/* Begin PBXResourcesBuildPhase section */
		75A7D2CF1A745B7400E662A8 /* Resources */ = {
			isa = PBXResourcesBuildPhase;
			buildActionMask = 2147483647;
			files = (
			);
			runOnlyForDeploymentPostprocessing = 0;
		};
		75A7D2DA1A745B7400E662A8 /* Resources */ = {
			isa = PBXResourcesBuildPhase;
			buildActionMask = 2147483647;
			files = (
			);
			runOnlyForDeploymentPostprocessing = 0;
		};
/* End PBXResourcesBuildPhase section */

/* Begin PBXSourcesBuildPhase section */
		75A7D2CC1A745B7400E662A8 /* Sources */ = {
			isa = PBXSourcesBuildPhase;
			buildActionMask = 2147483647;
			files = (
				75A2CDC61A8411CA0052F987 /* RWFrameworkAudioRecorder.swift in Sources */,
				2C59A4BB20FAAC900035599D /* Playlist.swift in Sources */,
				2C59A4C320FAAC900035599D /* STKCoreFoundationDataSource.m in Sources */,
				2C59A4C920FAAC900035599D /* STKHTTPDataSource.m in Sources */,
				2C59A4C720FAAC900035599D /* STKDataSourceWrapper.m in Sources */,
				75E7DE9D1A7FE0F300B092AF /* RWFrameworkURLFactory.swift in Sources */,
				7519C3D31A8555DB006A5D1E /* RWFrameworkText.swift in Sources */,
				7519C3D51A856518006A5D1E /* RWFrameworkCamera.swift in Sources */,
				75A2CDC21A8410760052F987 /* RWFrameworkCoreLocation.swift in Sources */,
				2C59A4CD20FAAC900035599D /* STKQueueEntry.m in Sources */,
				2C59A4CB20FAAC900035599D /* STKLocalFileDataSource.m in Sources */,
				2C2D9D1C2102C6EC00940A25 /* Speaker.swift in Sources */,
				2C59A4C120FAAC900035599D /* STKAutoRecoveringHTTPDataSource.m in Sources */,
				75A2CDC41A8411440052F987 /* RWFrameworkAudioPlayer.swift in Sources */,
				75A7D3161A75922600E662A8 /* RWFramework.swift in Sources */,
				75A2E8961A93C7A90008AAF1 /* RWFrameworkAPI.swift in Sources */,
				7519C3D01A85511A006A5D1E /* RWFrameworkMedia.swift in Sources */,
				2C59A4BF20FAAC900035599D /* STKAudioPlayer.m in Sources */,
				2C59A4D020FEB2810035599D /* AudioTrack.swift in Sources */,
				75A2E8981A93CA7F0008AAF1 /* RWFrameworkTimers.swift in Sources */,
				75A2E8601A8CFCF90008AAF1 /* RWFrameworkTags.swift in Sources */,
				2C59A4C520FAAC900035599D /* STKDataSource.m in Sources */,
				75E08D921AE181BE005AD74D /* RWFrameworkAudioRecorder.m in Sources */,
				75CDBD3A1AA780A300A14C3C /* RWFrameworkMediaUploader.swift in Sources */,
				2C2D9D1E2102C70800940A25 /* Asset.swift in Sources */,
				75FA3DF11A8503FB001D52CC /* RWFrameworkHTTP.swift in Sources */,
				75743B831A7831130058CCA4 /* RWFrameworkProtocol.swift in Sources */,
				2C59A4BD20FAAC900035599D /* NSMutableArray+STKAudioPlayer.m in Sources */,
				75E7DE9F1A7FEDE600B092AF /* RWFrameworkConfig.swift in Sources */,
			);
			runOnlyForDeploymentPostprocessing = 0;
		};
		75A7D2D81A745B7400E662A8 /* Sources */ = {
			isa = PBXSourcesBuildPhase;
			buildActionMask = 2147483647;
			files = (
				75A7D2E41A745B7400E662A8 /* RWFrameworkTests.swift in Sources */,
			);
			runOnlyForDeploymentPostprocessing = 0;
		};
/* End PBXSourcesBuildPhase section */

/* Begin PBXTargetDependency section */
		75A7D2DF1A745B7400E662A8 /* PBXTargetDependency */ = {
			isa = PBXTargetDependency;
			target = 75A7D2D01A745B7400E662A8 /* RWFramework */;
			targetProxy = 75A7D2DE1A745B7400E662A8 /* PBXContainerItemProxy */;
		};
/* End PBXTargetDependency section */

/* Begin XCBuildConfiguration section */
		75A7D2E51A745B7400E662A8 /* Debug */ = {
			isa = XCBuildConfiguration;
			buildSettings = {
				ALWAYS_SEARCH_USER_PATHS = NO;
				CLANG_CXX_LANGUAGE_STANDARD = "gnu++0x";
				CLANG_CXX_LIBRARY = "libc++";
				CLANG_ENABLE_MODULES = YES;
				CLANG_ENABLE_OBJC_ARC = YES;
				CLANG_WARN_BLOCK_CAPTURE_AUTORELEASING = YES;
				CLANG_WARN_BOOL_CONVERSION = YES;
				CLANG_WARN_COMMA = YES;
				CLANG_WARN_CONSTANT_CONVERSION = YES;
				CLANG_WARN_DIRECT_OBJC_ISA_USAGE = YES_ERROR;
				CLANG_WARN_EMPTY_BODY = YES;
				CLANG_WARN_ENUM_CONVERSION = YES;
				CLANG_WARN_INFINITE_RECURSION = YES;
				CLANG_WARN_INT_CONVERSION = YES;
				CLANG_WARN_NON_LITERAL_NULL_CONVERSION = YES;
				CLANG_WARN_OBJC_LITERAL_CONVERSION = YES;
				CLANG_WARN_OBJC_ROOT_CLASS = YES_ERROR;
				CLANG_WARN_RANGE_LOOP_ANALYSIS = YES;
				CLANG_WARN_STRICT_PROTOTYPES = YES;
				CLANG_WARN_SUSPICIOUS_MOVE = YES;
				CLANG_WARN_UNREACHABLE_CODE = YES;
				CLANG_WARN__DUPLICATE_METHOD_MATCH = YES;
				"CODE_SIGN_IDENTITY[sdk=iphoneos*]" = "iPhone Developer";
				COPY_PHASE_STRIP = NO;
				CURRENT_PROJECT_VERSION = 1;
				ENABLE_STRICT_OBJC_MSGSEND = YES;
				ENABLE_TESTABILITY = YES;
				GCC_C_LANGUAGE_STANDARD = gnu99;
				GCC_DYNAMIC_NO_PIC = NO;
				GCC_NO_COMMON_BLOCKS = YES;
				GCC_OPTIMIZATION_LEVEL = 0;
				GCC_PREPROCESSOR_DEFINITIONS = (
					"DEBUG=1",
					"$(inherited)",
				);
				GCC_SYMBOLS_PRIVATE_EXTERN = NO;
				GCC_WARN_64_TO_32_BIT_CONVERSION = YES;
				GCC_WARN_ABOUT_RETURN_TYPE = YES_ERROR;
				GCC_WARN_UNDECLARED_SELECTOR = YES;
				GCC_WARN_UNINITIALIZED_AUTOS = YES_AGGRESSIVE;
				GCC_WARN_UNUSED_FUNCTION = YES;
				GCC_WARN_UNUSED_VARIABLE = YES;
				IPHONEOS_DEPLOYMENT_TARGET = 8.1;
				MTL_ENABLE_DEBUG_INFO = YES;
				ONLY_ACTIVE_ARCH = YES;
				SDKROOT = iphoneos;
				SWIFT_OPTIMIZATION_LEVEL = "-Onone";
				TARGETED_DEVICE_FAMILY = "1,2";
				VERSIONING_SYSTEM = "apple-generic";
				VERSION_INFO_PREFIX = "";
			};
			name = Debug;
		};
		75A7D2E61A745B7400E662A8 /* Release */ = {
			isa = XCBuildConfiguration;
			buildSettings = {
				ALWAYS_SEARCH_USER_PATHS = NO;
				CLANG_CXX_LANGUAGE_STANDARD = "gnu++0x";
				CLANG_CXX_LIBRARY = "libc++";
				CLANG_ENABLE_MODULES = YES;
				CLANG_ENABLE_OBJC_ARC = YES;
				CLANG_WARN_BLOCK_CAPTURE_AUTORELEASING = YES;
				CLANG_WARN_BOOL_CONVERSION = YES;
				CLANG_WARN_COMMA = YES;
				CLANG_WARN_CONSTANT_CONVERSION = YES;
				CLANG_WARN_DIRECT_OBJC_ISA_USAGE = YES_ERROR;
				CLANG_WARN_EMPTY_BODY = YES;
				CLANG_WARN_ENUM_CONVERSION = YES;
				CLANG_WARN_INFINITE_RECURSION = YES;
				CLANG_WARN_INT_CONVERSION = YES;
				CLANG_WARN_NON_LITERAL_NULL_CONVERSION = YES;
				CLANG_WARN_OBJC_LITERAL_CONVERSION = YES;
				CLANG_WARN_OBJC_ROOT_CLASS = YES_ERROR;
				CLANG_WARN_RANGE_LOOP_ANALYSIS = YES;
				CLANG_WARN_STRICT_PROTOTYPES = YES;
				CLANG_WARN_SUSPICIOUS_MOVE = YES;
				CLANG_WARN_UNREACHABLE_CODE = YES;
				CLANG_WARN__DUPLICATE_METHOD_MATCH = YES;
				"CODE_SIGN_IDENTITY[sdk=iphoneos*]" = "iPhone Developer";
				COPY_PHASE_STRIP = YES;
				CURRENT_PROJECT_VERSION = 1;
				ENABLE_NS_ASSERTIONS = NO;
				ENABLE_STRICT_OBJC_MSGSEND = YES;
				GCC_C_LANGUAGE_STANDARD = gnu99;
				GCC_NO_COMMON_BLOCKS = YES;
				GCC_WARN_64_TO_32_BIT_CONVERSION = YES;
				GCC_WARN_ABOUT_RETURN_TYPE = YES_ERROR;
				GCC_WARN_UNDECLARED_SELECTOR = YES;
				GCC_WARN_UNINITIALIZED_AUTOS = YES_AGGRESSIVE;
				GCC_WARN_UNUSED_FUNCTION = YES;
				GCC_WARN_UNUSED_VARIABLE = YES;
				IPHONEOS_DEPLOYMENT_TARGET = 8.1;
				MTL_ENABLE_DEBUG_INFO = NO;
				SDKROOT = iphoneos;
				SWIFT_OPTIMIZATION_LEVEL = "-Owholemodule";
				TARGETED_DEVICE_FAMILY = "1,2";
				VALIDATE_PRODUCT = YES;
				VERSIONING_SYSTEM = "apple-generic";
				VERSION_INFO_PREFIX = "";
			};
			name = Release;
		};
		75A7D2E81A745B7400E662A8 /* Debug */ = {
			isa = XCBuildConfiguration;
			buildSettings = {
				CLANG_ENABLE_MODULES = YES;
				"CODE_SIGN_IDENTITY[sdk=iphoneos*]" = "";
				DEFINES_MODULE = YES;
				DYLIB_COMPATIBILITY_VERSION = 1;
				DYLIB_CURRENT_VERSION = 1;
				DYLIB_INSTALL_NAME_BASE = "@rpath";
				INFOPLIST_FILE = RWFramework/Info.plist;
				INSTALL_PATH = "$(LOCAL_LIBRARY_DIR)/Frameworks";
				IPHONEOS_DEPLOYMENT_TARGET = 9.3;
				LD_RUNPATH_SEARCH_PATHS = "$(inherited) @executable_path/Frameworks @loader_path/Frameworks";
				OTHER_SWIFT_FLAGS = "-D DEBUG";
				PRODUCT_BUNDLE_IDENTIFIER = "org.roundware.$(PRODUCT_NAME:rfc1034identifier)";
				PRODUCT_NAME = "$(TARGET_NAME)";
				SKIP_INSTALL = YES;
				SWIFT_OBJC_BRIDGING_HEADER = "";
				SWIFT_OPTIMIZATION_LEVEL = "-Onone";
				SWIFT_SWIFT3_OBJC_INFERENCE = Default;
				SWIFT_VERSION = 4.0;
			};
			name = Debug;
		};
		75A7D2E91A745B7400E662A8 /* Release */ = {
			isa = XCBuildConfiguration;
			buildSettings = {
				CLANG_ENABLE_MODULES = YES;
				"CODE_SIGN_IDENTITY[sdk=iphoneos*]" = "";
				DEFINES_MODULE = YES;
				DYLIB_COMPATIBILITY_VERSION = 1;
				DYLIB_CURRENT_VERSION = 1;
				DYLIB_INSTALL_NAME_BASE = "@rpath";
				INFOPLIST_FILE = RWFramework/Info.plist;
				INSTALL_PATH = "$(LOCAL_LIBRARY_DIR)/Frameworks";
				IPHONEOS_DEPLOYMENT_TARGET = 9.3;
				LD_RUNPATH_SEARCH_PATHS = "$(inherited) @executable_path/Frameworks @loader_path/Frameworks";
				OTHER_SWIFT_FLAGS = "";
				PRODUCT_BUNDLE_IDENTIFIER = "org.roundware.$(PRODUCT_NAME:rfc1034identifier)";
				PRODUCT_NAME = "$(TARGET_NAME)";
				SKIP_INSTALL = YES;
				SWIFT_OBJC_BRIDGING_HEADER = "";
				SWIFT_SWIFT3_OBJC_INFERENCE = Default;
				SWIFT_VERSION = 4.0;
			};
			name = Release;
		};
		75A7D2EB1A745B7400E662A8 /* Debug */ = {
			isa = XCBuildConfiguration;
			buildSettings = {
				FRAMEWORK_SEARCH_PATHS = (
					"$(SDKROOT)/Developer/Library/Frameworks",
					"$(inherited)",
				);
				GCC_PREPROCESSOR_DEFINITIONS = (
					"DEBUG=1",
					"$(inherited)",
				);
				INFOPLIST_FILE = RWFrameworkTests/Info.plist;
				LD_RUNPATH_SEARCH_PATHS = "$(inherited) @executable_path/Frameworks @loader_path/Frameworks";
				PRODUCT_BUNDLE_IDENTIFIER = "org.roundware.$(PRODUCT_NAME:rfc1034identifier)";
				PRODUCT_NAME = "$(TARGET_NAME)";
				SWIFT_VERSION = 3.0;
			};
			name = Debug;
		};
		75A7D2EC1A745B7400E662A8 /* Release */ = {
			isa = XCBuildConfiguration;
			buildSettings = {
				FRAMEWORK_SEARCH_PATHS = (
					"$(SDKROOT)/Developer/Library/Frameworks",
					"$(inherited)",
				);
				INFOPLIST_FILE = RWFrameworkTests/Info.plist;
				LD_RUNPATH_SEARCH_PATHS = "$(inherited) @executable_path/Frameworks @loader_path/Frameworks";
				PRODUCT_BUNDLE_IDENTIFIER = "org.roundware.$(PRODUCT_NAME:rfc1034identifier)";
				PRODUCT_NAME = "$(TARGET_NAME)";
				SWIFT_VERSION = 3.0;
			};
			name = Release;
		};
/* End XCBuildConfiguration section */

/* Begin XCConfigurationList section */
		75A7D2CB1A745B7400E662A8 /* Build configuration list for PBXProject "RWFramework" */ = {
			isa = XCConfigurationList;
			buildConfigurations = (
				75A7D2E51A745B7400E662A8 /* Debug */,
				75A7D2E61A745B7400E662A8 /* Release */,
			);
			defaultConfigurationIsVisible = 0;
			defaultConfigurationName = Release;
		};
		75A7D2E71A745B7400E662A8 /* Build configuration list for PBXNativeTarget "RWFramework" */ = {
			isa = XCConfigurationList;
			buildConfigurations = (
				75A7D2E81A745B7400E662A8 /* Debug */,
				75A7D2E91A745B7400E662A8 /* Release */,
			);
			defaultConfigurationIsVisible = 0;
			defaultConfigurationName = Release;
		};
		75A7D2EA1A745B7400E662A8 /* Build configuration list for PBXNativeTarget "RWFrameworkTests" */ = {
			isa = XCConfigurationList;
			buildConfigurations = (
				75A7D2EB1A745B7400E662A8 /* Debug */,
				75A7D2EC1A745B7400E662A8 /* Release */,
			);
			defaultConfigurationIsVisible = 0;
			defaultConfigurationName = Release;
		};
/* End XCConfigurationList section */
	};
	rootObject = 75A7D2C81A745B7400E662A8 /* Project object */;
}
